
Microsoft Visual Studio Solution File, Format Version 12.00
# Visual Studio Version 17
VisualStudioVersion = 17.0.31903.59
MinimumVisualStudioVersion = 10.0.40219.1
Project("{FAE04EC0-301F-11D3-BF4B-00C04F79EFBC}") = "KomodoIns.Data", "KomodoIns.Data\KomodoIns.Data.csproj", "{444A5855-965A-4405-B3C2-243DDEDC7C73}"
EndProject
Project("{FAE04EC0-301F-11D3-BF4B-00C04F79EFBC}") = "KomodoIns.UI", "KomodoIns.UI\KomodoIns.UI.csproj", "{7C97E018-0979-40CC-8FED-9197D97809E6}"
EndProject
Project("{FAE04EC0-301F-11D3-BF4B-00C04F79EFBC}") = "KomodoIns.Repository", "KomodoIns.Repository\KomodoIns.Repository.csproj", "{72924C0E-893F-444F-A346-2FBE5F385F2E}"
EndProject
Project("{FAE04EC0-301F-11D3-BF4B-00C04F79EFBC}") = "KomodoIns.Tests", "KomodoIns.Tests\KomodoIns.Tests.csproj", "{175E593C-71A9-469F-9218-BB9393B05D0E}"
EndProject
Global
	GlobalSection(SolutionConfigurationPlatforms) = preSolution
		Debug|Any CPU = Debug|Any CPU
		Release|Any CPU = Release|Any CPU
	EndGlobalSection
	GlobalSection(SolutionProperties) = preSolution
		HideSolutionNode = FALSE
	EndGlobalSection
	GlobalSection(ProjectConfigurationPlatforms) = postSolution
		{444A5855-965A-4405-B3C2-243DDEDC7C73}.Debug|Any CPU.ActiveCfg = Debug|Any CPU
		{444A5855-965A-4405-B3C2-243DDEDC7C73}.Debug|Any CPU.Build.0 = Debug|Any CPU
		{444A5855-965A-4405-B3C2-243DDEDC7C73}.Release|Any CPU.ActiveCfg = Release|Any CPU
		{444A5855-965A-4405-B3C2-243DDEDC7C73}.Release|Any CPU.Build.0 = Release|Any CPU
		{7C97E018-0979-40CC-8FED-9197D97809E6}.Debug|Any CPU.ActiveCfg = Debug|Any CPU
		{7C97E018-0979-40CC-8FED-9197D97809E6}.Debug|Any CPU.Build.0 = Debug|Any CPU
		{7C97E018-0979-40CC-8FED-9197D97809E6}.Release|Any CPU.ActiveCfg = Release|Any CPU
		{7C97E018-0979-40CC-8FED-9197D97809E6}.Release|Any CPU.Build.0 = Release|Any CPU
		{72924C0E-893F-444F-A346-2FBE5F385F2E}.Debug|Any CPU.ActiveCfg = Debug|Any CPU
		{72924C0E-893F-444F-A346-2FBE5F385F2E}.Debug|Any CPU.Build.0 = Debug|Any CPU
		{72924C0E-893F-444F-A346-2FBE5F385F2E}.Release|Any CPU.ActiveCfg = Release|Any CPU
		{72924C0E-893F-444F-A346-2FBE5F385F2E}.Release|Any CPU.Build.0 = Release|Any CPU
		{175E593C-71A9-469F-9218-BB9393B05D0E}.Debug|Any CPU.ActiveCfg = Debug|Any CPU
		{175E593C-71A9-469F-9218-BB9393B05D0E}.Debug|Any CPU.Build.0 = Debug|Any CPU
		{175E593C-71A9-469F-9218-BB9393B05D0E}.Release|Any CPU.ActiveCfg = Release|Any CPU
		{175E593C-71A9-469F-9218-BB9393B05D0E}.Release|Any CPU.Build.0 = Release|Any CPU
	EndGlobalSection
EndGlobal
